
Microsoft Visual Studio Solution File, Format Version 12.00
# Visual Studio 14
VisualStudioVersion = 14.0.25420.1
MinimumVisualStudioVersion = 10.0.40219.1
Project("{FAE04EC0-301F-11D3-BF4B-00C04F79EFBC}") = "Connect API Library", "OpenApiDeveloperLibrary\Connect API Library.csproj", "{866039F3-42FF-4D42-A85E-F91CEF04F3DF}"
EndProject
Project("{FAE04EC0-301F-11D3-BF4B-00C04F79EFBC}") = "Connect API Web", "API Web\Connect API Web.csproj", "{9B7ACD22-012E-4072-A671-499C93415251}"
EndProject
Global
	GlobalSection(SolutionConfigurationPlatforms) = preSolution
		Debug|Any CPU = Debug|Any CPU
		Release|Any CPU = Release|Any CPU
	EndGlobalSection
	GlobalSection(ProjectConfigurationPlatforms) = postSolution
		{866039F3-42FF-4D42-A85E-F91CEF04F3DF}.Debug|Any CPU.ActiveCfg = Debug|Any CPU
		{866039F3-42FF-4D42-A85E-F91CEF04F3DF}.Debug|Any CPU.Build.0 = Debug|Any CPU
		{866039F3-42FF-4D42-A85E-F91CEF04F3DF}.Release|Any CPU.ActiveCfg = Release|Any CPU
		{866039F3-42FF-4D42-A85E-F91CEF04F3DF}.Release|Any CPU.Build.0 = Release|Any CPU
		{9B7ACD22-012E-4072-A671-499C93415251}.Debug|Any CPU.ActiveCfg = Debug|Any CPU
		{9B7ACD22-012E-4072-A671-499C93415251}.Debug|Any CPU.Build.0 = Debug|Any CPU
		{9B7ACD22-012E-4072-A671-499C93415251}.Release|Any CPU.ActiveCfg = Release|Any CPU
		{9B7ACD22-012E-4072-A671-499C93415251}.Release|Any CPU.Build.0 = Release|Any CPU
	EndGlobalSection
	GlobalSection(SolutionProperties) = preSolution
		HideSolutionNode = FALSE
	EndGlobalSection
EndGlobal
